{
  "pins" : [
    {
      "identity" : "cserrors",
      "kind" : "remoteSourceControl",
      "location" : "https://github.com/CharlesJS/CSErrors",
      "state" : {
        "revision" : "544e41855a95a9c4398738d69934cc831150003d",
        "version" : "1.0.0"
      }
    },
    {
      "identity" : "swift-async-algorithms",
      "kind" : "remoteSourceControl",
      "location" : "https://github.com/apple/swift-async-algorithms",
      "state" : {
        "revision" : "434591a571a8c4fe073500926414356d3b40f460",
        "version" : "0.0.2"
      }
    },
    {
      "identity" : "xctasyncassertions",
      "kind" : "remoteSourceControl",
      "location" : "https://github.com/CharlesJS/XCTAsyncAssertions",
      "state" : {
        "revision" : "99167ce5d442b11a06f4a17b29982ecc280790fc",
        "version" : "0.2.0"
      }
    }
  ],
  "version" : 2
}
